
Microsoft Visual Studio Solution File, Format Version 12.00
# Visual Studio 15
VisualStudioVersion = 15.0.26730.16
MinimumVisualStudioVersion = 10.0.40219.1
Project("{FAE04EC0-301F-11D3-BF4B-00C04F79EFBC}") = "PicShop", "PicShop\PicShop.csproj", "{4BEC667D-B21A-470B-89F6-2151154CEDB9}"
EndProject
Global
	GlobalSection(SolutionConfigurationPlatforms) = preSolution
		Debug|Any CPU = Debug|Any CPU
		Release|Any CPU = Release|Any CPU
	EndGlobalSection
	GlobalSection(ProjectConfigurationPlatforms) = postSolution
		{4BEC667D-B21A-470B-89F6-2151154CEDB9}.Debug|Any CPU.ActiveCfg = Debug|Any CPU
		{4BEC667D-B21A-470B-89F6-2151154CEDB9}.Debug|Any CPU.Build.0 = Debug|Any CPU
		{4BEC667D-B21A-470B-89F6-2151154CEDB9}.Release|Any CPU.ActiveCfg = Release|Any CPU
		{4BEC667D-B21A-470B-89F6-2151154CEDB9}.Release|Any CPU.Build.0 = Release|Any CPU
	EndGlobalSection
	GlobalSection(SolutionProperties) = preSolution
		HideSolutionNode = FALSE
	EndGlobalSection
	GlobalSection(ExtensibilityGlobals) = postSolution
		SolutionGuid = {6BFD0807-0C1D-4F7F-B68F-EB6965890E07}
	EndGlobalSection
EndGlobal
